
Microsoft Visual Studio Solution File, Format Version 12.00
# Visual Studio Version 17
VisualStudioVersion = 17.7.34024.191
MinimumVisualStudioVersion = 10.0.40219.1
Project("{FAE04EC0-301F-11D3-BF4B-00C04F79EFBC}") = "TicTacToe2", "TicTacToe2\TicTacToe2.csproj", "{CABDE0C0-73EA-4C07-B9DF-79D4831D244E}"
EndProject
Global
	GlobalSection(SolutionConfigurationPlatforms) = preSolution
		Debug|Any CPU = Debug|Any CPU
		Release|Any CPU = Release|Any CPU
	EndGlobalSection
	GlobalSection(ProjectConfigurationPlatforms) = postSolution
		{CABDE0C0-73EA-4C07-B9DF-79D4831D244E}.Debug|Any CPU.ActiveCfg = Debug|Any CPU
		{CABDE0C0-73EA-4C07-B9DF-79D4831D244E}.Debug|Any CPU.Build.0 = Debug|Any CPU
		{CABDE0C0-73EA-4C07-B9DF-79D4831D244E}.Debug|Any CPU.Deploy.0 = Debug|Any CPU
		{CABDE0C0-73EA-4C07-B9DF-79D4831D244E}.Release|Any CPU.ActiveCfg = Release|Any CPU
		{CABDE0C0-73EA-4C07-B9DF-79D4831D244E}.Release|Any CPU.Build.0 = Release|Any CPU
		{CABDE0C0-73EA-4C07-B9DF-79D4831D244E}.Release|Any CPU.Deploy.0 = Release|Any CPU
	EndGlobalSection
	GlobalSection(SolutionProperties) = preSolution
		HideSolutionNode = FALSE
	EndGlobalSection
	GlobalSection(ExtensibilityGlobals) = postSolution
		SolutionGuid = {A6F30CBA-A530-4070-A088-273B66B673E4}
	EndGlobalSection
EndGlobal
